
Microsoft Visual Studio Solution File, Format Version 12.00
# Visual Studio Version 16
VisualStudioVersion = 16.0.30907.101
MinimumVisualStudioVersion = 10.0.40219.1
Project("{FAE04EC0-301F-11D3-BF4B-00C04F79EFBC}") = "FatPercentageCalculator", "FatPercentageCalculator\FatPercentageCalculator.csproj", "{39D72150-08C7-480C-8DF0-9C538B203E02}"
EndProject
Global
	GlobalSection(SolutionConfigurationPlatforms) = preSolution
		Debug|Any CPU = Debug|Any CPU
		Release|Any CPU = Release|Any CPU
	EndGlobalSection
	GlobalSection(ProjectConfigurationPlatforms) = postSolution
		{39D72150-08C7-480C-8DF0-9C538B203E02}.Debug|Any CPU.ActiveCfg = Debug|Any CPU
		{39D72150-08C7-480C-8DF0-9C538B203E02}.Debug|Any CPU.Build.0 = Debug|Any CPU
		{39D72150-08C7-480C-8DF0-9C538B203E02}.Release|Any CPU.ActiveCfg = Release|Any CPU
		{39D72150-08C7-480C-8DF0-9C538B203E02}.Release|Any CPU.Build.0 = Release|Any CPU
	EndGlobalSection
	GlobalSection(SolutionProperties) = preSolution
		HideSolutionNode = FALSE
	EndGlobalSection
	GlobalSection(ExtensibilityGlobals) = postSolution
		SolutionGuid = {F4161136-CBA3-47C7-8268-37D3B8F2FE1E}
	EndGlobalSection
EndGlobal
