
Microsoft Visual Studio Solution File, Format Version 12.00
# Visual Studio Version 16
VisualStudioVersion = 16.0.30907.101
MinimumVisualStudioVersion = 10.0.40219.1
Project("{FAE04EC0-301F-11D3-BF4B-00C04F79EFBC}") = "BookClubPoints", "BookClubPoints\BookClubPoints.csproj", "{613FA31B-A693-49E2-A5A3-FFD13227DB4E}"
EndProject
Global
	GlobalSection(SolutionConfigurationPlatforms) = preSolution
		Debug|Any CPU = Debug|Any CPU
		Release|Any CPU = Release|Any CPU
	EndGlobalSection
	GlobalSection(ProjectConfigurationPlatforms) = postSolution
		{613FA31B-A693-49E2-A5A3-FFD13227DB4E}.Debug|Any CPU.ActiveCfg = Debug|Any CPU
		{613FA31B-A693-49E2-A5A3-FFD13227DB4E}.Debug|Any CPU.Build.0 = Debug|Any CPU
		{613FA31B-A693-49E2-A5A3-FFD13227DB4E}.Release|Any CPU.ActiveCfg = Release|Any CPU
		{613FA31B-A693-49E2-A5A3-FFD13227DB4E}.Release|Any CPU.Build.0 = Release|Any CPU
	EndGlobalSection
	GlobalSection(SolutionProperties) = preSolution
		HideSolutionNode = FALSE
	EndGlobalSection
	GlobalSection(ExtensibilityGlobals) = postSolution
		SolutionGuid = {1A9D1472-5116-4A97-954C-256D39F43729}
	EndGlobalSection
EndGlobal
